// !$*UTF8*$!
{
	archiveVersion = 1;
	classes = {
	};
	objectVersion = 56;
	objects = {

/* Begin PBXBuildFile section */
		6325BD362950A59C0099B3BD /* AppDelegate.swift in Sources */ = {isa = PBXBuildFile; fileRef = 6325BD352950A59C0099B3BD /* AppDelegate.swift */; };
		6325BD382950A59C0099B3BD /* SceneDelegate.swift in Sources */ = {isa = PBXBuildFile; fileRef = 6325BD372950A59C0099B3BD /* SceneDelegate.swift */; };
		6325BD3A2950A59C0099B3BD /* MortgageCalculator.swift in Sources */ = {isa = PBXBuildFile; fileRef = 6325BD392950A59C0099B3BD /* MortgageCalculator.swift */; };
		6325BD3D2950A59C0099B3BD /* Main.storyboard in Resources */ = {isa = PBXBuildFile; fileRef = 6325BD3B2950A59C0099B3BD /* Main.storyboard */; };
		6325BD3F2950A59F0099B3BD /* Assets.xcassets in Resources */ = {isa = PBXBuildFile; fileRef = 6325BD3E2950A59F0099B3BD /* Assets.xcassets */; };
		6325BD422950A59F0099B3BD /* LaunchScreen.storyboard in Resources */ = {isa = PBXBuildFile; fileRef = 6325BD402950A59F0099B3BD /* LaunchScreen.storyboard */; };
		63D4A17229BA4F3900D39B70 /* DisclaimerViewController.swift in Sources */ = {isa = PBXBuildFile; fileRef = 63D4A17129BA4F3900D39B70 /* DisclaimerViewController.swift */; };
/* End PBXBuildFile section */

/* Begin PBXFileReference section */
		6325BD322950A59C0099B3BD /* MortgageCalc.app */ = {isa = PBXFileReference; explicitFileType = wrapper.application; includeInIndex = 0; path = MortgageCalc.app; sourceTree = BUILT_PRODUCTS_DIR; };
		6325BD352950A59C0099B3BD /* AppDelegate.swift */ = {isa = PBXFileReference; lastKnownFileType = sourcecode.swift; path = AppDelegate.swift; sourceTree = "<group>"; };
		6325BD372950A59C0099B3BD /* SceneDelegate.swift */ = {isa = PBXFileReference; lastKnownFileType = sourcecode.swift; path = SceneDelegate.swift; sourceTree = "<group>"; };
		6325BD392950A59C0099B3BD /* MortgageCalculator.swift */ = {isa = PBXFileReference; lastKnownFileType = sourcecode.swift; path = MortgageCalculator.swift; sourceTree = "<group>"; };
		6325BD3C2950A59C0099B3BD /* Base */ = {isa = PBXFileReference; lastKnownFileType = file.storyboard; name = Base; path = Base.lproj/Main.storyboard; sourceTree = "<group>"; };
		6325BD3E2950A59F0099B3BD /* Assets.xcassets */ = {isa = PBXFileReference; lastKnownFileType = folder.assetcatalog; path = Assets.xcassets; sourceTree = "<group>"; };
		6325BD412950A59F0099B3BD /* Base */ = {isa = PBXFileReference; lastKnownFileType = file.storyboard; name = Base; path = Base.lproj/LaunchScreen.storyboard; sourceTree = "<group>"; };
		6325BD432950A59F0099B3BD /* Info.plist */ = {isa = PBXFileReference; lastKnownFileType = text.plist.xml; path = Info.plist; sourceTree = "<group>"; };
		63D4A17129BA4F3900D39B70 /* DisclaimerViewController.swift */ = {isa = PBXFileReference; lastKnownFileType = sourcecode.swift; path = DisclaimerViewController.swift; sourceTree = "<group>"; };
/* End PBXFileReference section */

/* Begin PBXFrameworksBuildPhase section */
		6325BD2F2950A59C0099B3BD /* Frameworks */ = {
			isa = PBXFrameworksBuildPhase;
			buildActionMask = 2147483647;
			files = (
			);
			runOnlyForDeploymentPostprocessing = 0;
		};
/* End PBXFrameworksBuildPhase section */

/* Begin PBXGroup section */
		6325BD292950A59C0099B3BD = {
			isa = PBXGroup;
			children = (
				6325BD342950A59C0099B3BD /* Mortgage Calculator */,
				6325BD332950A59C0099B3BD /* Products */,
			);
			sourceTree = "<group>";
		};
		6325BD332950A59C0099B3BD /* Products */ = {
			isa = PBXGroup;
			children = (
				6325BD322950A59C0099B3BD /* MortgageCalc.app */,
			);
			name = Products;
			sourceTree = "<group>";
		};
		6325BD342950A59C0099B3BD /* Mortgage Calculator */ = {
			isa = PBXGroup;
			children = (
				6325BD352950A59C0099B3BD /* AppDelegate.swift */,
				6325BD372950A59C0099B3BD /* SceneDelegate.swift */,
				6325BD4D2950AB420099B3BD /* View */,
				6325BD4B2950AB2C0099B3BD /* Controller */,
				6325BD3E2950A59F0099B3BD /* Assets.xcassets */,
				6325BD402950A59F0099B3BD /* LaunchScreen.storyboard */,
				6325BD432950A59F0099B3BD /* Info.plist */,
			);
			path = "Mortgage Calculator";
			sourceTree = "<group>";
		};
		6325BD4B2950AB2C0099B3BD /* Controller */ = {
			isa = PBXGroup;
			children = (
				6325BD392950A59C0099B3BD /* MortgageCalculator.swift */,
				63D4A17129BA4F3900D39B70 /* DisclaimerViewController.swift */,
			);
			path = Controller;
			sourceTree = "<group>";
		};
		6325BD4D2950AB420099B3BD /* View */ = {
			isa = PBXGroup;
			children = (
				6325BD3B2950A59C0099B3BD /* Main.storyboard */,
			);
			path = View;
			sourceTree = "<group>";
		};
/* End PBXGroup section */

/* Begin PBXNativeTarget section */
		6325BD312950A59C0099B3BD /* MortgageCalc */ = {
			isa = PBXNativeTarget;
			buildConfigurationList = 6325BD462950A59F0099B3BD /* Build configuration list for PBXNativeTarget "MortgageCalc" */;
			buildPhases = (
				6325BD2E2950A59C0099B3BD /* Sources */,
				6325BD2F2950A59C0099B3BD /* Frameworks */,
				6325BD302950A59C0099B3BD /* Resources */,
			);
			buildRules = (
			);
			dependencies = (
			);
			name = MortgageCalc;
			productName = "Mortgage Calculator";
			productReference = 6325BD322950A59C0099B3BD /* MortgageCalc.app */;
			productType = "com.apple.product-type.application";
		};
/* End PBXNativeTarget section */

/* Begin PBXProject section */
		6325BD2A2950A59C0099B3BD /* Project object */ = {
			isa = PBXProject;
			attributes = {
				BuildIndependentTargetsInParallel = 1;
				LastSwiftUpdateCheck = 1420;
				LastUpgradeCheck = 1420;
				TargetAttributes = {
					6325BD312950A59C0099B3BD = {
						CreatedOnToolsVersion = 14.2;
					};
				};
			};
			buildConfigurationList = 6325BD2D2950A59C0099B3BD /* Build configuration list for PBXProject "MortgageCalc" */;
			compatibilityVersion = "Xcode 14.0";
			developmentRegion = en;
			hasScannedForEncodings = 0;
			knownRegions = (
				en,
				Base,
			);
			mainGroup = 6325BD292950A59C0099B3BD;
			productRefGroup = 6325BD332950A59C0099B3BD /* Products */;
			projectDirPath = "";
			projectRoot = "";
			targets = (
				6325BD312950A59C0099B3BD /* MortgageCalc */,
			);
		};
/* End PBXProject section */

/* Begin PBXResourcesBuildPhase section */
		6325BD302950A59C0099B3BD /* Resources */ = {
			isa = PBXResourcesBuildPhase;
			buildActionMask = 2147483647;
			files = (
				6325BD422950A59F0099B3BD /* LaunchScreen.storyboard in Resources */,
				6325BD3F2950A59F0099B3BD /* Assets.xcassets in Resources */,
				6325BD3D2950A59C0099B3BD /* Main.storyboard in Resources */,
			);
			runOnlyForDeploymentPostprocessing = 0;
		};
/* End PBXResourcesBuildPhase section */

/* Begin PBXSourcesBuildPhase section */
		6325BD2E2950A59C0099B3BD /* Sources */ = {
			isa = PBXSourcesBuildPhase;
			buildActionMask = 2147483647;
			files = (
				6325BD3A2950A59C0099B3BD /* MortgageCalculator.swift in Sources */,
				63D4A17229BA4F3900D39B70 /* DisclaimerViewController.swift in Sources */,
				6325BD362950A59C0099B3BD /* AppDelegate.swift in Sources */,
				6325BD382950A59C0099B3BD /* SceneDelegate.swift in Sources */,
			);
			runOnlyForDeploymentPostprocessing = 0;
		};
/* End PBXSourcesBuildPhase section */

/* Begin PBXVariantGroup section */
		6325BD3B2950A59C0099B3BD /* Main.storyboard */ = {
			isa = PBXVariantGroup;
			children = (
				6325BD3C2950A59C0099B3BD /* Base */,
			);
			name = Main.storyboard;
			sourceTree = "<group>";
		};
		6325BD402950A59F0099B3BD /* LaunchScreen.storyboard */ = {
			isa = PBXVariantGroup;
			children = (
				6325BD412950A59F0099B3BD /* Base */,
			);
			name = LaunchScreen.storyboard;
			sourceTree = "<group>";
		};
/* End PBXVariantGroup section */

/* Begin XCBuildConfiguration section */
		6325BD442950A59F0099B3BD /* Debug */ = {
			isa = XCBuildConfiguration;
			buildSettings = {
				ALWAYS_SEARCH_USER_PATHS = NO;
				CLANG_ANALYZER_NONNULL = YES;
				CLANG_ANALYZER_NUMBER_OBJECT_CONVERSION = YES_AGGRESSIVE;
				CLANG_CXX_LANGUAGE_STANDARD = "gnu++20";
				CLANG_ENABLE_MODULES = YES;
				CLANG_ENABLE_OBJC_ARC = YES;
				CLANG_ENABLE_OBJC_WEAK = YES;
				CLANG_WARN_BLOCK_CAPTURE_AUTORELEASING = YES;
				CLANG_WARN_BOOL_CONVERSION = YES;
				CLANG_WARN_COMMA = YES;
				CLANG_WARN_CONSTANT_CONVERSION = YES;
				CLANG_WARN_DEPRECATED_OBJC_IMPLEMENTATIONS = YES;
				CLANG_WARN_DIRECT_OBJC_ISA_USAGE = YES_ERROR;
				CLANG_WARN_DOCUMENTATION_COMMENTS = YES;
				CLANG_WARN_EMPTY_BODY = YES;
				CLANG_WARN_ENUM_CONVERSION = YES;
				CLANG_WARN_INFINITE_RECURSION = YES;
				CLANG_WARN_INT_CONVERSION = YES;
				CLANG_WARN_NON_LITERAL_NULL_CONVERSION = YES;
				CLANG_WARN_OBJC_IMPLICIT_RETAIN_SELF = YES;
				CLANG_WARN_OBJC_LITERAL_CONVERSION = YES;
				CLANG_WARN_OBJC_ROOT_CLASS = YES_ERROR;
				CLANG_WARN_QUOTED_INCLUDE_IN_FRAMEWORK_HEADER = YES;
				CLANG_WARN_RANGE_LOOP_ANALYSIS = YES;
				CLANG_WARN_STRICT_PROTOTYPES = YES;
				CLANG_WARN_SUSPICIOUS_MOVE = YES;
				CLANG_WARN_UNGUARDED_AVAILABILITY = YES_AGGRESSIVE;
				CLANG_WARN_UNREACHABLE_CODE = YES;
				CLANG_WARN__DUPLICATE_METHOD_MATCH = YES;
				COPY_PHASE_STRIP = NO;
				DEBUG_INFORMATION_FORMAT = dwarf;
				ENABLE_STRICT_OBJC_MSGSEND = YES;
				ENABLE_TESTABILITY = YES;
				GCC_C_LANGUAGE_STANDARD = gnu11;
				GCC_DYNAMIC_NO_PIC = NO;
				GCC_NO_COMMON_BLOCKS = YES;
				GCC_OPTIMIZATION_LEVEL = 0;
				GCC_PREPROCESSOR_DEFINITIONS = (
					"DEBUG=1",
					"$(inherited)",
				);
				GCC_WARN_64_TO_32_BIT_CONVERSION = YES;
				GCC_WARN_ABOUT_RETURN_TYPE = YES_ERROR;
				GCC_WARN_UNDECLARED_SELECTOR = YES;
				GCC_WARN_UNINITIALIZED_AUTOS = YES_AGGRESSIVE;
				GCC_WARN_UNUSED_FUNCTION = YES;
				GCC_WARN_UNUSED_VARIABLE = YES;
				IPHONEOS_DEPLOYMENT_TARGET = 16.2;
				MTL_ENABLE_DEBUG_INFO = INCLUDE_SOURCE;
				MTL_FAST_MATH = YES;
				ONLY_ACTIVE_ARCH = YES;
				SDKROOT = iphoneos;
				SWIFT_ACTIVE_COMPILATION_CONDITIONS = DEBUG;
				SWIFT_OPTIMIZATION_LEVEL = "-Onone";
			};
			name = Debug;
		};
		6325BD452950A59F0099B3BD /* Release */ = {
			isa = XCBuildConfiguration;
			buildSettings = {
				ALWAYS_SEARCH_USER_PATHS = NO;
				CLANG_ANALYZER_NONNULL = YES;
				CLANG_ANALYZER_NUMBER_OBJECT_CONVERSION = YES_AGGRESSIVE;
				CLANG_CXX_LANGUAGE_STANDARD = "gnu++20";
				CLANG_ENABLE_MODULES = YES;
				CLANG_ENABLE_OBJC_ARC = YES;
				CLANG_ENABLE_OBJC_WEAK = YES;
				CLANG_WARN_BLOCK_CAPTURE_AUTORELEASING = YES;
				CLANG_WARN_BOOL_CONVERSION = YES;
				CLANG_WARN_COMMA = YES;
				CLANG_WARN_CONSTANT_CONVERSION = YES;
				CLANG_WARN_DEPRECATED_OBJC_IMPLEMENTATIONS = YES;
				CLANG_WARN_DIRECT_OBJC_ISA_USAGE = YES_ERROR;
				CLANG_WARN_DOCUMENTATION_COMMENTS = YES;
				CLANG_WARN_EMPTY_BODY = YES;
				CLANG_WARN_ENUM_CONVERSION = YES;
				CLANG_WARN_INFINITE_RECURSION = YES;
				CLANG_WARN_INT_CONVERSION = YES;
				CLANG_WARN_NON_LITERAL_NULL_CONVERSION = YES;
				CLANG_WARN_OBJC_IMPLICIT_RETAIN_SELF = YES;
				CLANG_WARN_OBJC_LITERAL_CONVERSION = YES;
				CLANG_WARN_OBJC_ROOT_CLASS = YES_ERROR;
				CLANG_WARN_QUOTED_INCLUDE_IN_FRAMEWORK_HEADER = YES;
				CLANG_WARN_RANGE_LOOP_ANALYSIS = YES;
				CLANG_WARN_STRICT_PROTOTYPES = YES;
				CLANG_WARN_SUSPICIOUS_MOVE = YES;
				CLANG_WARN_UNGUARDED_AVAILABILITY = YES_AGGRESSIVE;
				CLANG_WARN_UNREACHABLE_CODE = YES;
				CLANG_WARN__DUPLICATE_METHOD_MATCH = YES;
				COPY_PHASE_STRIP = NO;
				DEBUG_INFORMATION_FORMAT = "dwarf-with-dsym";
				ENABLE_NS_ASSERTIONS = NO;
				ENABLE_STRICT_OBJC_MSGSEND = YES;
				GCC_C_LANGUAGE_STANDARD = gnu11;
				GCC_NO_COMMON_BLOCKS = YES;
				GCC_WARN_64_TO_32_BIT_CONVERSION = YES;
				GCC_WARN_ABOUT_RETURN_TYPE = YES_ERROR;
				GCC_WARN_UNDECLARED_SELECTOR = YES;
				GCC_WARN_UNINITIALIZED_AUTOS = YES_AGGRESSIVE;
				GCC_WARN_UNUSED_FUNCTION = YES;
				GCC_WARN_UNUSED_VARIABLE = YES;
				IPHONEOS_DEPLOYMENT_TARGET = 16.2;
				MTL_ENABLE_DEBUG_INFO = NO;
				MTL_FAST_MATH = YES;
				SDKROOT = iphoneos;
				SWIFT_COMPILATION_MODE = wholemodule;
				SWIFT_OPTIMIZATION_LEVEL = "-O";
				VALIDATE_PRODUCT = YES;
			};
			name = Release;
		};
		6325BD472950A59F0099B3BD /* Debug */ = {
			isa = XCBuildConfiguration;
			buildSettings = {
				ASSETCATALOG_COMPILER_APPICON_NAME = AppIcon;
				ASSETCATALOG_COMPILER_GLOBAL_ACCENT_COLOR_NAME = AccentColor;
				CODE_SIGN_STYLE = Automatic;
				CURRENT_PROJECT_VERSION = 1;
				DEVELOPMENT_TEAM = RQD3YR566W;
				GENERATE_INFOPLIST_FILE = YES;
				INFOPLIST_FILE = "Mortgage Calculator/Info.plist";
				INFOPLIST_KEY_UIApplicationSupportsIndirectInputEvents = YES;
				INFOPLIST_KEY_UILaunchStoryboardName = LaunchScreen;
				INFOPLIST_KEY_UIMainStoryboardFile = Main;
				INFOPLIST_KEY_UISupportedInterfaceOrientations_iPad = "UIInterfaceOrientationPortrait UIInterfaceOrientationPortraitUpsideDown UIInterfaceOrientationLandscapeLeft UIInterfaceOrientationLandscapeRight";
				INFOPLIST_KEY_UISupportedInterfaceOrientations_iPhone = "UIInterfaceOrientationPortrait UIInterfaceOrientationLandscapeLeft UIInterfaceOrientationLandscapeRight";
				LD_RUNPATH_SEARCH_PATHS = (
					"$(inherited)",
					"@executable_path/Frameworks",
				);
				MARKETING_VERSION = 1.0;
				PRODUCT_BUNDLE_IDENTIFIER = "com.jamespenny.Mortgage-Calculator";
				PRODUCT_NAME = MortgageCalc;
				SUPPORTED_PLATFORMS = "iphoneos iphonesimulator";
				SUPPORTS_MACCATALYST = NO;
				SUPPORTS_MAC_DESIGNED_FOR_IPHONE_IPAD = NO;
				SWIFT_EMIT_LOC_STRINGS = YES;
				SWIFT_VERSION = 5.0;
				TARGETED_DEVICE_FAMILY = "1,2";
			};
			name = Debug;
		};
		6325BD482950A59F0099B3BD /* Release */ = {
			isa = XCBuildConfiguration;
			buildSettings = {
				ASSETCATALOG_COMPILER_APPICON_NAME = AppIcon;
				ASSETCATALOG_COMPILER_GLOBAL_ACCENT_COLOR_NAME = AccentColor;
				CODE_SIGN_STYLE = Automatic;
				CURRENT_PROJECT_VERSION = 1;
				DEVELOPMENT_TEAM = RQD3YR566W;
				GENERATE_INFOPLIST_FILE = YES;
				INFOPLIST_FILE = "Mortgage Calculator/Info.plist";
				INFOPLIST_KEY_UIApplicationSupportsIndirectInputEvents = YES;
				INFOPLIST_KEY_UILaunchStoryboardName = LaunchScreen;
				INFOPLIST_KEY_UIMainStoryboardFile = Main;
				INFOPLIST_KEY_UISupportedInterfaceOrientations_iPad = "UIInterfaceOrientationPortrait UIInterfaceOrientationPortraitUpsideDown UIInterfaceOrientationLandscapeLeft UIInterfaceOrientationLandscapeRight";
				INFOPLIST_KEY_UISupportedInterfaceOrientations_iPhone = "UIInterfaceOrientationPortrait UIInterfaceOrientationLandscapeLeft UIInterfaceOrientationLandscapeRight";
				LD_RUNPATH_SEARCH_PATHS = (
					"$(inherited)",
					"@executable_path/Frameworks",
				);
				MARKETING_VERSION = 1.0;
				PRODUCT_BUNDLE_IDENTIFIER = "com.jamespenny.Mortgage-Calculator";
				PRODUCT_NAME = MortgageCalc;
				SUPPORTED_PLATFORMS = "iphoneos iphonesimulator";
				SUPPORTS_MACCATALYST = NO;
				SUPPORTS_MAC_DESIGNED_FOR_IPHONE_IPAD = NO;
				SWIFT_EMIT_LOC_STRINGS = YES;
				SWIFT_VERSION = 5.0;
				TARGETED_DEVICE_FAMILY = "1,2";
			};
			name = Release;
		};
/* End XCBuildConfiguration section */

/* Begin XCConfigurationList section */
		6325BD2D2950A59C0099B3BD /* Build configuration list for PBXProject "MortgageCalc" */ = {
			isa = XCConfigurationList;
			buildConfigurations = (
				6325BD442950A59F0099B3BD /* Debug */,
				6325BD452950A59F0099B3BD /* Release */,
			);
			defaultConfigurationIsVisible = 0;
			defaultConfigurationName = Release;
		};
		6325BD462950A59F0099B3BD /* Build configuration list for PBXNativeTarget "MortgageCalc" */ = {
			isa = XCConfigurationList;
			buildConfigurations = (
				6325BD472950A59F0099B3BD /* Debug */,
				6325BD482950A59F0099B3BD /* Release */,
			);
			defaultConfigurationIsVisible = 0;
			defaultConfigurationName = Release;
		};
/* End XCConfigurationList section */
	};
	rootObject = 6325BD2A2950A59C0099B3BD /* Project object */;
}
